
Microsoft Visual Studio Solution File, Format Version 12.00
# Visual Studio 15
VisualStudioVersion = 15.0.27004.2009
MinimumVisualStudioVersion = 10.0.40219.1
Project("{FAE04EC0-301F-11D3-BF4B-00C04F79EFBC}") = "TrainTicketMachine", "TrainTicketMachine\TrainTicketMachine.csproj", "{B221BEE3-8346-4632-B422-276447CF9A04}"
EndProject
Project("{2150E333-8FDC-42A3-9474-1A3956D46DE8}") = "src", "src", "{0E337782-8B73-490A-943D-73E072772E6C}"
EndProject
Project("{FAE04EC0-301F-11D3-BF4B-00C04F79EFBC}") = "TrainTicketMachine.Service", "TrainTicketMachine.Data\TrainTicketMachine.Service.csproj", "{8C3FE560-C188-42AA-A7B6-42F49CB133F8}"
EndProject
Project("{FAE04EC0-301F-11D3-BF4B-00C04F79EFBC}") = "TrainTicketMachine.Data", "TrainTicketMachine.Service\TrainTicketMachine.Data.csproj", "{3AFC5328-2280-43F2-A422-0977532C8D16}"
EndProject
Project("{FAE04EC0-301F-11D3-BF4B-00C04F79EFBC}") = "TrainTicketMachine.Model", "TrainTicketMachine.Model\TrainTicketMachine.Model.csproj", "{DAE42E53-14CD-4AC1-9CA9-FD9105DB3ECC}"
EndProject
Project("{FAE04EC0-301F-11D3-BF4B-00C04F79EFBC}") = "TrainTicketMachine.Tests", "TrainTicketMachine.Tests\TrainTicketMachine.Tests.csproj", "{04B6A986-C9CB-47A4-B344-46E923DB2508}"
EndProject
Global
	GlobalSection(SolutionConfigurationPlatforms) = preSolution
		Debug|Any CPU = Debug|Any CPU
		Debug|ARM = Debug|ARM
		Debug|x64 = Debug|x64
		Debug|x86 = Debug|x86
		Release|Any CPU = Release|Any CPU
		Release|ARM = Release|ARM
		Release|x64 = Release|x64
		Release|x86 = Release|x86
	EndGlobalSection
	GlobalSection(ProjectConfigurationPlatforms) = postSolution
		{B221BEE3-8346-4632-B422-276447CF9A04}.Debug|Any CPU.ActiveCfg = Debug|Any CPU
		{B221BEE3-8346-4632-B422-276447CF9A04}.Debug|Any CPU.Build.0 = Debug|Any CPU
		{B221BEE3-8346-4632-B422-276447CF9A04}.Debug|ARM.ActiveCfg = Debug|Any CPU
		{B221BEE3-8346-4632-B422-276447CF9A04}.Debug|ARM.Build.0 = Debug|Any CPU
		{B221BEE3-8346-4632-B422-276447CF9A04}.Debug|x64.ActiveCfg = Debug|Any CPU
		{B221BEE3-8346-4632-B422-276447CF9A04}.Debug|x64.Build.0 = Debug|Any CPU
		{B221BEE3-8346-4632-B422-276447CF9A04}.Debug|x86.ActiveCfg = Debug|Any CPU
		{B221BEE3-8346-4632-B422-276447CF9A04}.Debug|x86.Build.0 = Debug|Any CPU
		{B221BEE3-8346-4632-B422-276447CF9A04}.Release|Any CPU.ActiveCfg = Release|Any CPU
		{B221BEE3-8346-4632-B422-276447CF9A04}.Release|Any CPU.Build.0 = Release|Any CPU
		{B221BEE3-8346-4632-B422-276447CF9A04}.Release|ARM.ActiveCfg = Release|Any CPU
		{B221BEE3-8346-4632-B422-276447CF9A04}.Release|ARM.Build.0 = Release|Any CPU
		{B221BEE3-8346-4632-B422-276447CF9A04}.Release|x64.ActiveCfg = Release|Any CPU
		{B221BEE3-8346-4632-B422-276447CF9A04}.Release|x64.Build.0 = Release|Any CPU
		{B221BEE3-8346-4632-B422-276447CF9A04}.Release|x86.ActiveCfg = Release|Any CPU
		{B221BEE3-8346-4632-B422-276447CF9A04}.Release|x86.Build.0 = Release|Any CPU
		{8C3FE560-C188-42AA-A7B6-42F49CB133F8}.Debug|Any CPU.ActiveCfg = Debug|Any CPU
		{8C3FE560-C188-42AA-A7B6-42F49CB133F8}.Debug|Any CPU.Build.0 = Debug|Any CPU
		{8C3FE560-C188-42AA-A7B6-42F49CB133F8}.Debug|ARM.ActiveCfg = Debug|Any CPU
		{8C3FE560-C188-42AA-A7B6-42F49CB133F8}.Debug|ARM.Build.0 = Debug|Any CPU
		{8C3FE560-C188-42AA-A7B6-42F49CB133F8}.Debug|x64.ActiveCfg = Debug|Any CPU
		{8C3FE560-C188-42AA-A7B6-42F49CB133F8}.Debug|x64.Build.0 = Debug|Any CPU
		{8C3FE560-C188-42AA-A7B6-42F49CB133F8}.Debug|x86.ActiveCfg = Debug|Any CPU
		{8C3FE560-C188-42AA-A7B6-42F49CB133F8}.Debug|x86.Build.0 = Debug|Any CPU
		{8C3FE560-C188-42AA-A7B6-42F49CB133F8}.Release|Any CPU.ActiveCfg = Release|Any CPU
		{8C3FE560-C188-42AA-A7B6-42F49CB133F8}.Release|Any CPU.Build.0 = Release|Any CPU
		{8C3FE560-C188-42AA-A7B6-42F49CB133F8}.Release|ARM.ActiveCfg = Release|Any CPU
		{8C3FE560-C188-42AA-A7B6-42F49CB133F8}.Release|ARM.Build.0 = Release|Any CPU
		{8C3FE560-C188-42AA-A7B6-42F49CB133F8}.Release|x64.ActiveCfg = Release|Any CPU
		{8C3FE560-C188-42AA-A7B6-42F49CB133F8}.Release|x64.Build.0 = Release|Any CPU
		{8C3FE560-C188-42AA-A7B6-42F49CB133F8}.Release|x86.ActiveCfg = Release|Any CPU
		{8C3FE560-C188-42AA-A7B6-42F49CB133F8}.Release|x86.Build.0 = Release|Any CPU
		{3AFC5328-2280-43F2-A422-0977532C8D16}.Debug|Any CPU.ActiveCfg = Debug|Any CPU
		{3AFC5328-2280-43F2-A422-0977532C8D16}.Debug|Any CPU.Build.0 = Debug|Any CPU
		{3AFC5328-2280-43F2-A422-0977532C8D16}.Debug|ARM.ActiveCfg = Debug|Any CPU
		{3AFC5328-2280-43F2-A422-0977532C8D16}.Debug|ARM.Build.0 = Debug|Any CPU
		{3AFC5328-2280-43F2-A422-0977532C8D16}.Debug|x64.ActiveCfg = Debug|Any CPU
		{3AFC5328-2280-43F2-A422-0977532C8D16}.Debug|x64.Build.0 = Debug|Any CPU
		{3AFC5328-2280-43F2-A422-0977532C8D16}.Debug|x86.ActiveCfg = Debug|Any CPU
		{3AFC5328-2280-43F2-A422-0977532C8D16}.Debug|x86.Build.0 = Debug|Any CPU
		{3AFC5328-2280-43F2-A422-0977532C8D16}.Release|Any CPU.ActiveCfg = Release|Any CPU
		{3AFC5328-2280-43F2-A422-0977532C8D16}.Release|Any CPU.Build.0 = Release|Any CPU
		{3AFC5328-2280-43F2-A422-0977532C8D16}.Release|ARM.ActiveCfg = Release|Any CPU
		{3AFC5328-2280-43F2-A422-0977532C8D16}.Release|ARM.Build.0 = Release|Any CPU
		{3AFC5328-2280-43F2-A422-0977532C8D16}.Release|x64.ActiveCfg = Release|Any CPU
		{3AFC5328-2280-43F2-A422-0977532C8D16}.Release|x64.Build.0 = Release|Any CPU
		{3AFC5328-2280-43F2-A422-0977532C8D16}.Release|x86.ActiveCfg = Release|Any CPU
		{3AFC5328-2280-43F2-A422-0977532C8D16}.Release|x86.Build.0 = Release|Any CPU
		{DAE42E53-14CD-4AC1-9CA9-FD9105DB3ECC}.Debug|Any CPU.ActiveCfg = Debug|Any CPU
		{DAE42E53-14CD-4AC1-9CA9-FD9105DB3ECC}.Debug|Any CPU.Build.0 = Debug|Any CPU
		{DAE42E53-14CD-4AC1-9CA9-FD9105DB3ECC}.Debug|ARM.ActiveCfg = Debug|Any CPU
		{DAE42E53-14CD-4AC1-9CA9-FD9105DB3ECC}.Debug|ARM.Build.0 = Debug|Any CPU
		{DAE42E53-14CD-4AC1-9CA9-FD9105DB3ECC}.Debug|x64.ActiveCfg = Debug|Any CPU
		{DAE42E53-14CD-4AC1-9CA9-FD9105DB3ECC}.Debug|x64.Build.0 = Debug|Any CPU
		{DAE42E53-14CD-4AC1-9CA9-FD9105DB3ECC}.Debug|x86.ActiveCfg = Debug|Any CPU
		{DAE42E53-14CD-4AC1-9CA9-FD9105DB3ECC}.Debug|x86.Build.0 = Debug|Any CPU
		{DAE42E53-14CD-4AC1-9CA9-FD9105DB3ECC}.Release|Any CPU.ActiveCfg = Release|Any CPU
		{DAE42E53-14CD-4AC1-9CA9-FD9105DB3ECC}.Release|Any CPU.Build.0 = Release|Any CPU
		{DAE42E53-14CD-4AC1-9CA9-FD9105DB3ECC}.Release|ARM.ActiveCfg = Release|Any CPU
		{DAE42E53-14CD-4AC1-9CA9-FD9105DB3ECC}.Release|ARM.Build.0 = Release|Any CPU
		{DAE42E53-14CD-4AC1-9CA9-FD9105DB3ECC}.Release|x64.ActiveCfg = Release|Any CPU
		{DAE42E53-14CD-4AC1-9CA9-FD9105DB3ECC}.Release|x64.Build.0 = Release|Any CPU
		{DAE42E53-14CD-4AC1-9CA9-FD9105DB3ECC}.Release|x86.ActiveCfg = Release|Any CPU
		{DAE42E53-14CD-4AC1-9CA9-FD9105DB3ECC}.Release|x86.Build.0 = Release|Any CPU
		{04B6A986-C9CB-47A4-B344-46E923DB2508}.Debug|Any CPU.ActiveCfg = Debug|Any CPU
		{04B6A986-C9CB-47A4-B344-46E923DB2508}.Debug|Any CPU.Build.0 = Debug|Any CPU
		{04B6A986-C9CB-47A4-B344-46E923DB2508}.Debug|ARM.ActiveCfg = Debug|Any CPU
		{04B6A986-C9CB-47A4-B344-46E923DB2508}.Debug|ARM.Build.0 = Debug|Any CPU
		{04B6A986-C9CB-47A4-B344-46E923DB2508}.Debug|x64.ActiveCfg = Debug|Any CPU
		{04B6A986-C9CB-47A4-B344-46E923DB2508}.Debug|x64.Build.0 = Debug|Any CPU
		{04B6A986-C9CB-47A4-B344-46E923DB2508}.Debug|x86.ActiveCfg = Debug|Any CPU
		{04B6A986-C9CB-47A4-B344-46E923DB2508}.Debug|x86.Build.0 = Debug|Any CPU
		{04B6A986-C9CB-47A4-B344-46E923DB2508}.Release|Any CPU.ActiveCfg = Release|Any CPU
		{04B6A986-C9CB-47A4-B344-46E923DB2508}.Release|Any CPU.Build.0 = Release|Any CPU
		{04B6A986-C9CB-47A4-B344-46E923DB2508}.Release|ARM.ActiveCfg = Release|Any CPU
		{04B6A986-C9CB-47A4-B344-46E923DB2508}.Release|ARM.Build.0 = Release|Any CPU
		{04B6A986-C9CB-47A4-B344-46E923DB2508}.Release|x64.ActiveCfg = Release|Any CPU
		{04B6A986-C9CB-47A4-B344-46E923DB2508}.Release|x64.Build.0 = Release|Any CPU
		{04B6A986-C9CB-47A4-B344-46E923DB2508}.Release|x86.ActiveCfg = Release|Any CPU
		{04B6A986-C9CB-47A4-B344-46E923DB2508}.Release|x86.Build.0 = Release|Any CPU
	EndGlobalSection
	GlobalSection(SolutionProperties) = preSolution
		HideSolutionNode = FALSE
	EndGlobalSection
	GlobalSection(NestedProjects) = preSolution
		{B221BEE3-8346-4632-B422-276447CF9A04} = {0E337782-8B73-490A-943D-73E072772E6C}
		{8C3FE560-C188-42AA-A7B6-42F49CB133F8} = {0E337782-8B73-490A-943D-73E072772E6C}
		{3AFC5328-2280-43F2-A422-0977532C8D16} = {0E337782-8B73-490A-943D-73E072772E6C}
		{DAE42E53-14CD-4AC1-9CA9-FD9105DB3ECC} = {0E337782-8B73-490A-943D-73E072772E6C}
		{04B6A986-C9CB-47A4-B344-46E923DB2508} = {0E337782-8B73-490A-943D-73E072772E6C}
	EndGlobalSection
	GlobalSection(ExtensibilityGlobals) = postSolution
		SolutionGuid = {0B032F41-F01E-4F44-8261-405BF78A7F6D}
	EndGlobalSection
EndGlobal
